{
  "version": "5",
  "specifiers": {
    "jsr:@hono/hono@*": "4.12.5",
    "npm:@cfworker/json-schema@^2.0.1": "2.0.1"
  },
  "jsr": {
    "@hono/hono@4.12.5": {
      "integrity": "16e6ac6d6ab65c3d08fa4c019c3d9236389044074f3932bf0922fcb582e530c6"
    }
  },
  "npm": {
    "@cfworker/json-schema@2.0.1": {
      "integrity": "sha512-1w7xVrTFjAWBVaOWRH5AMdKpJdltF4iy/d93E7qj8Rox6yY9OzEW1aC7T5eONrDOxXrlnsclPw9v24XW2c0mkg=="
    }
  },
  "workspace": {
    "dependencies": [
      "jsr:@hono/hono@*",
      "npm:@cfworker/json-schema@^2.0.1"
    ]
  }
}
